# THIS IS AN AUTOGENERATED FILE. DO NOT EDIT THIS FILE DIRECTLY.
# yarn lockfile v1


form-fe-parser@^1.0.0:
  version "1.0.0"
  resolved "https://registry.yarnpkg.com/form-fe-parser/-/form-fe-parser-1.0.0.tgz#ea244f5c3f42a2e28a3aeaf65b51136f3d906880"
  integrity sha512-YPZjDUdWGhdiUyCtuKwM5g/auqDgcln7hl0Nnwy0mus5AxCKSWZeE/1RFFmcETN3vG7lrW7zlqt8tRU3erKfQw==
